dependencies:
- name: istio-base
  repository: ""
  version: 1.14.2
- name: istio-gateway
  repository: ""
  version: 1.14.2
- name: istiod
  repository: ""
  version: 1.14.2
- name: kiali-server
  repository: ""
  version: 1.58.0
- name: kiali-operator
  repository: ""
  version: 1.58.0
digest: sha256:7094030fc3d77aae5e7ef4501cb52fc58840b941abdc74198a15abee52116c0d
generated: "2022-11-03T08:46:55.450496862+09:00"
