dependencies:
- name: istio-base
  repository: ""
  version: 1.14.2
- name: istio-gateway
  repository: ""
  version: 1.14.2
- name: istiod
  repository: ""
  version: 1.14.2
- name: kiali-server
  repository: https://kiali.org/helm-charts
  version: 1.58.0
- name: kiali-operator
  repository: https://kiali.org/helm-charts
  version: 1.58.0
digest: sha256:1bdd6b1f37bec27f48aaca5fd55972c5b9200f2f2a636c8009f48730403eea97
generated: "2022-11-03T08:10:49.346197704+09:00"
