dependencies:
- name: kube-state-metrics
  repository: file://./charts/kube-state-metrics
  version: 4.13.0
- name: prometheus-node-exporter
  repository: file://./charts/prometheus-node-exporter
  version: 3.3.0
- name: grafana
  repository: file://./charts/grafana
  version: 6.32.2
digest: sha256:7a8b1d81d7e8175019593aaa7fe29d719d76d5f81eaa638bc2533b60761db669
generated: "2022-10-01T00:01:29.598591+09:00"
