dependencies:
- name: kube-state-metrics
  repository: file://./charts/kube-state-metrics
  version: 4.13.0
- name: prometheus-node-exporter
  repository: file://./charts/prometheus-node-exporter
  version: 3.3.0
- name: grafana
  repository: file://./charts/grafana
  version: 6.32.2
- name: metrics-server
  repository: https://kubernetes-sigs.github.io/metrics-server/
  version: 3.8.2
- name: prometheus-adapter
  repository: https://prometheus-community.github.io/helm-charts
  version: 3.4.1
- name: gpu-operator
  repository: https://nvidia.github.io/gpu-operator
  version: v22.9.0
digest: sha256:0254f52d6d20d26f73e114176ef3e25f0a2e9d798cab06a3d74de5e76fee7d7e
generated: "2022-10-20T13:53:13.194995+09:00"
