dependencies:
- name: kube-state-metrics
  repository: file://./charts/kube-state-metrics
  version: 4.13.0
- name: prometheus-node-exporter
  repository: file://./charts/prometheus-node-exporter
  version: 3.3.0
- name: grafana
  repository: file://./charts/grafana
  version: 6.32.2
- name: metrics-server
  repository: https://kubernetes-sigs.github.io/metrics-server/
  version: 3.8.2
digest: sha256:a8274faddebf6461f869b03c39fdcbf052304f8d7f719c711a8bc869763c0d53
generated: "2022-10-04T14:59:49.451541+09:00"
